// !$*UTF8*$!
{
	archiveVersion = 1;
	classes = {
	};
	objectVersion = 46;
	objects = {

/* Begin PBXBuildFile section */
		FA29E94B1CA9340F00E579D5 /* SwiftyGifTests.swift in Sources */ = {isa = PBXBuildFile; fileRef = FA29E94A1CA9340F00E579D5 /* SwiftyGifTests.swift */; };
		FA57CC981CB3EDAA000F3476 /* AppDelegate.swift in Sources */ = {isa = PBXBuildFile; fileRef = FA57CC871CB3EDAA000F3476 /* AppDelegate.swift */; };
		FA57CC991CB3EDAA000F3476 /* Assets.xcassets in Resources */ = {isa = PBXBuildFile; fileRef = FA57CC881CB3EDAA000F3476 /* Assets.xcassets */; };
		FA57CC9A1CB3EDAA000F3476 /* LaunchScreen.storyboard in Resources */ = {isa = PBXBuildFile; fileRef = FA57CC8A1CB3EDAA000F3476 /* LaunchScreen.storyboard */; };
		FA57CC9B1CB3EDAA000F3476 /* Main.storyboard in Resources */ = {isa = PBXBuildFile; fileRef = FA57CC8C1CB3EDAA000F3476 /* Main.storyboard */; };
		FA57CC9C1CB3EDAA000F3476 /* Cell.swift in Sources */ = {isa = PBXBuildFile; fileRef = FA57CC8E1CB3EDAA000F3476 /* Cell.swift */; };
		FA57CC9D1CB3EDAA000F3476 /* DetailController.swift in Sources */ = {isa = PBXBuildFile; fileRef = FA57CC8F1CB3EDAA000F3476 /* DetailController.swift */; };
		FA57CCA31CB3EDAA000F3476 /* 5.gif in Resources */ = {isa = PBXBuildFile; fileRef = FA57CC951CB3EDAA000F3476 /* 5.gif */; };
		FA57CCA41CB3EDAA000F3476 /* Info.plist in Resources */ = {isa = PBXBuildFile; fileRef = FA57CC961CB3EDAA000F3476 /* Info.plist */; };
		FA57CCA51CB3EDAA000F3476 /* ViewController.swift in Sources */ = {isa = PBXBuildFile; fileRef = FA57CC971CB3EDAA000F3476 /* ViewController.swift */; };
		FAC7163C1CCA26AE0018A0CF /* 2.gif in Resources */ = {isa = PBXBuildFile; fileRef = FAC7163A1CCA26AE0018A0CF /* 2.gif */; };
		FAC7163D1CCA26AE0018A0CF /* 4.gif in Resources */ = {isa = PBXBuildFile; fileRef = FAC7163B1CCA26AE0018A0CF /* 4.gif */; };
		FAE121E41CB2A3DD00960D00 /* SwiftyGifManager.swift in Sources */ = {isa = PBXBuildFile; fileRef = FAE121E11CB2A3DD00960D00 /* SwiftyGifManager.swift */; };
		FAE121E51CB2A3DD00960D00 /* UIImage+SwiftyGif.swift in Sources */ = {isa = PBXBuildFile; fileRef = FAE121E21CB2A3DD00960D00 /* UIImage+SwiftyGif.swift */; };
		FAE121E61CB2A3DD00960D00 /* UIImageView+SwiftyGif.swift in Sources */ = {isa = PBXBuildFile; fileRef = FAE121E31CB2A3DD00960D00 /* UIImageView+SwiftyGif.swift */; };
		FAF19DDF1CC90F9200454324 /* 1.gif in Resources */ = {isa = PBXBuildFile; fileRef = FAF19DDA1CC90F9200454324 /* 1.gif */; };
		FAF19DE11CC90F9200454324 /* 3.gif in Resources */ = {isa = PBXBuildFile; fileRef = FAF19DDC1CC90F9200454324 /* 3.gif */; };
/* End PBXBuildFile section */

/* Begin PBXContainerItemProxy section */
		FA29E9471CA9340F00E579D5 /* PBXContainerItemProxy */ = {
			isa = PBXContainerItemProxy;
			containerPortal = FA29E92A1CA9340E00E579D5 /* Project object */;
			proxyType = 1;
			remoteGlobalIDString = FA29E9311CA9340E00E579D5;
			remoteInfo = SwiftyGif;
		};
/* End PBXContainerItemProxy section */

/* Begin PBXFileReference section */
		FA29E9321CA9340E00E579D5 /* SwiftyGif.app */ = {isa = PBXFileReference; explicitFileType = wrapper.application; includeInIndex = 0; path = SwiftyGif.app; sourceTree = BUILT_PRODUCTS_DIR; };
		FA29E9461CA9340F00E579D5 /* SwiftyGifTests.xctest */ = {isa = PBXFileReference; explicitFileType = wrapper.cfbundle; includeInIndex = 0; path = SwiftyGifTests.xctest; sourceTree = BUILT_PRODUCTS_DIR; };
		FA29E94A1CA9340F00E579D5 /* SwiftyGifTests.swift */ = {isa = PBXFileReference; lastKnownFileType = sourcecode.swift; path = SwiftyGifTests.swift; sourceTree = "<group>"; };
		FA29E94C1CA9340F00E579D5 /* Info.plist */ = {isa = PBXFileReference; lastKnownFileType = text.plist.xml; path = Info.plist; sourceTree = "<group>"; };
		FA57CC871CB3EDAA000F3476 /* AppDelegate.swift */ = {isa = PBXFileReference; fileEncoding = 4; lastKnownFileType = sourcecode.swift; path = AppDelegate.swift; sourceTree = "<group>"; };
		FA57CC881CB3EDAA000F3476 /* Assets.xcassets */ = {isa = PBXFileReference; lastKnownFileType = folder.assetcatalog; path = Assets.xcassets; sourceTree = "<group>"; };
		FA57CC8B1CB3EDAA000F3476 /* Base */ = {isa = PBXFileReference; lastKnownFileType = file.storyboard; name = Base; path = LaunchScreen.storyboard; sourceTree = "<group>"; };
		FA57CC8D1CB3EDAA000F3476 /* Base */ = {isa = PBXFileReference; lastKnownFileType = file.storyboard; name = Base; path = Main.storyboard; sourceTree = "<group>"; };
		FA57CC8E1CB3EDAA000F3476 /* Cell.swift */ = {isa = PBXFileReference; fileEncoding = 4; lastKnownFileType = sourcecode.swift; path = Cell.swift; sourceTree = "<group>"; };
		FA57CC8F1CB3EDAA000F3476 /* DetailController.swift */ = {isa = PBXFileReference; fileEncoding = 4; lastKnownFileType = sourcecode.swift; path = DetailController.swift; sourceTree = "<group>"; };
		FA57CC951CB3EDAA000F3476 /* 5.gif */ = {isa = PBXFileReference; lastKnownFileType = image.gif; path = 5.gif; sourceTree = "<group>"; };
		FA57CC961CB3EDAA000F3476 /* Info.plist */ = {isa = PBXFileReference; fileEncoding = 4; lastKnownFileType = text.plist.xml; path = Info.plist; sourceTree = "<group>"; };
		FA57CC971CB3EDAA000F3476 /* ViewController.swift */ = {isa = PBXFileReference; fileEncoding = 4; lastKnownFileType = sourcecode.swift; path = ViewController.swift; sourceTree = "<group>"; };
		FAC7163A1CCA26AE0018A0CF /* 2.gif */ = {isa = PBXFileReference; lastKnownFileType = image.gif; path = 2.gif; sourceTree = "<group>"; };
		FAC7163B1CCA26AE0018A0CF /* 4.gif */ = {isa = PBXFileReference; lastKnownFileType = image.gif; path = 4.gif; sourceTree = "<group>"; };
		FAE121E11CB2A3DD00960D00 /* SwiftyGifManager.swift */ = {isa = PBXFileReference; fileEncoding = 4; lastKnownFileType = sourcecode.swift; path = SwiftyGifManager.swift; sourceTree = "<group>"; };
		FAE121E21CB2A3DD00960D00 /* UIImage+SwiftyGif.swift */ = {isa = PBXFileReference; fileEncoding = 4; lastKnownFileType = sourcecode.swift; path = "UIImage+SwiftyGif.swift"; sourceTree = "<group>"; };
		FAE121E31CB2A3DD00960D00 /* UIImageView+SwiftyGif.swift */ = {isa = PBXFileReference; fileEncoding = 4; lastKnownFileType = sourcecode.swift; path = "UIImageView+SwiftyGif.swift"; sourceTree = "<group>"; };
		FAF19DDA1CC90F9200454324 /* 1.gif */ = {isa = PBXFileReference; lastKnownFileType = image.gif; path = 1.gif; sourceTree = "<group>"; };
		FAF19DDC1CC90F9200454324 /* 3.gif */ = {isa = PBXFileReference; lastKnownFileType = image.gif; path = 3.gif; sourceTree = "<group>"; };
/* End PBXFileReference section */

/* Begin PBXFrameworksBuildPhase section */
		FA29E92F1CA9340E00E579D5 /* Frameworks */ = {
			isa = PBXFrameworksBuildPhase;
			buildActionMask = 2147483647;
			files = (
			);
			runOnlyForDeploymentPostprocessing = 0;
		};
		FA29E9431CA9340F00E579D5 /* Frameworks */ = {
			isa = PBXFrameworksBuildPhase;
			buildActionMask = 2147483647;
			files = (
			);
			runOnlyForDeploymentPostprocessing = 0;
		};
/* End PBXFrameworksBuildPhase section */

/* Begin PBXGroup section */
		FA29E9291CA9340E00E579D5 = {
			isa = PBXGroup;
			children = (
				FA29E9551CA9342F00E579D5 /* SwiftyGif */,
				FA29E9341CA9340E00E579D5 /* SwiftyGifExample */,
				FA29E9491CA9340F00E579D5 /* SwiftyGifTests */,
				FA29E9331CA9340E00E579D5 /* Products */,
			);
			sourceTree = "<group>";
		};
		FA29E9331CA9340E00E579D5 /* Products */ = {
			isa = PBXGroup;
			children = (
				FA29E9321CA9340E00E579D5 /* SwiftyGif.app */,
				FA29E9461CA9340F00E579D5 /* SwiftyGifTests.xctest */,
			);
			name = Products;
			sourceTree = "<group>";
		};
		FA29E9341CA9340E00E579D5 /* SwiftyGifExample */ = {
			isa = PBXGroup;
			children = (
				FA57CC871CB3EDAA000F3476 /* AppDelegate.swift */,
				FA57CC881CB3EDAA000F3476 /* Assets.xcassets */,
				FA57CC891CB3EDAA000F3476 /* Base.lproj */,
				FA57CC8E1CB3EDAA000F3476 /* Cell.swift */,
				FA57CC8F1CB3EDAA000F3476 /* DetailController.swift */,
				FA57CC971CB3EDAA000F3476 /* ViewController.swift */,
				FAF19DDA1CC90F9200454324 /* 1.gif */,
				FAF19DDC1CC90F9200454324 /* 3.gif */,
				FAC7163A1CCA26AE0018A0CF /* 2.gif */,
				FAC7163B1CCA26AE0018A0CF /* 4.gif */,
				FA57CC951CB3EDAA000F3476 /* 5.gif */,
				FA57CC961CB3EDAA000F3476 /* Info.plist */,
			);
			path = SwiftyGifExample;
			sourceTree = "<group>";
		};
		FA29E9491CA9340F00E579D5 /* SwiftyGifTests */ = {
			isa = PBXGroup;
			children = (
				FA29E94A1CA9340F00E579D5 /* SwiftyGifTests.swift */,
				FA29E94C1CA9340F00E579D5 /* Info.plist */,
			);
			path = SwiftyGifTests;
			sourceTree = "<group>";
		};
		FA29E9551CA9342F00E579D5 /* SwiftyGif */ = {
			isa = PBXGroup;
			children = (
				FAE121E11CB2A3DD00960D00 /* SwiftyGifManager.swift */,
				FAE121E21CB2A3DD00960D00 /* UIImage+SwiftyGif.swift */,
				FAE121E31CB2A3DD00960D00 /* UIImageView+SwiftyGif.swift */,
			);
			path = SwiftyGif;
			sourceTree = "<group>";
		};
		FA57CC891CB3EDAA000F3476 /* Base.lproj */ = {
			isa = PBXGroup;
			children = (
				FA57CC8A1CB3EDAA000F3476 /* LaunchScreen.storyboard */,
				FA57CC8C1CB3EDAA000F3476 /* Main.storyboard */,
			);
			path = Base.lproj;
			sourceTree = "<group>";
		};
/* End PBXGroup section */

/* Begin PBXNativeTarget section */
		FA29E9311CA9340E00E579D5 /* SwiftyGif */ = {
			isa = PBXNativeTarget;
			buildConfigurationList = FA29E94F1CA9340F00E579D5 /* Build configuration list for PBXNativeTarget "SwiftyGif" */;
			buildPhases = (
				FA29E92E1CA9340E00E579D5 /* Sources */,
				FA29E92F1CA9340E00E579D5 /* Frameworks */,
				FA29E9301CA9340E00E579D5 /* Resources */,
			);
			buildRules = (
			);
			dependencies = (
			);
			name = SwiftyGif;
			productName = SwiftyGif;
			productReference = FA29E9321CA9340E00E579D5 /* SwiftyGif.app */;
			productType = "com.apple.product-type.application";
		};
		FA29E9451CA9340F00E579D5 /* SwiftyGifTests */ = {
			isa = PBXNativeTarget;
			buildConfigurationList = FA29E9521CA9340F00E579D5 /* Build configuration list for PBXNativeTarget "SwiftyGifTests" */;
			buildPhases = (
				FA29E9421CA9340F00E579D5 /* Sources */,
				FA29E9431CA9340F00E579D5 /* Frameworks */,
				FA29E9441CA9340F00E579D5 /* Resources */,
			);
			buildRules = (
			);
			dependencies = (
				FA29E9481CA9340F00E579D5 /* PBXTargetDependency */,
			);
			name = SwiftyGifTests;
			productName = SwiftyGifTests;
			productReference = FA29E9461CA9340F00E579D5 /* SwiftyGifTests.xctest */;
			productType = "com.apple.product-type.bundle.unit-test";
		};
/* End PBXNativeTarget section */

/* Begin PBXProject section */
		FA29E92A1CA9340E00E579D5 /* Project object */ = {
			isa = PBXProject;
			attributes = {
				LastSwiftUpdateCheck = 0730;
				LastUpgradeCheck = 0730;
				ORGANIZATIONNAME = alexiscreuzot;
				TargetAttributes = {
					FA29E9311CA9340E00E579D5 = {
						CreatedOnToolsVersion = 7.3;
					};
					FA29E9451CA9340F00E579D5 = {
						CreatedOnToolsVersion = 7.3;
						TestTargetID = FA29E9311CA9340E00E579D5;
					};
				};
			};
			buildConfigurationList = FA29E92D1CA9340E00E579D5 /* Build configuration list for PBXProject "SwiftyGif" */;
			compatibilityVersion = "Xcode 3.2";
			developmentRegion = English;
			hasScannedForEncodings = 0;
			knownRegions = (
				en,
				Base,
			);
			mainGroup = FA29E9291CA9340E00E579D5;
			productRefGroup = FA29E9331CA9340E00E579D5 /* Products */;
			projectDirPath = "";
			projectRoot = "";
			targets = (
				FA29E9311CA9340E00E579D5 /* SwiftyGif */,
				FA29E9451CA9340F00E579D5 /* SwiftyGifTests */,
			);
		};
/* End PBXProject section */

/* Begin PBXResourcesBuildPhase section */
		FA29E9301CA9340E00E579D5 /* Resources */ = {
			isa = PBXResourcesBuildPhase;
			buildActionMask = 2147483647;
			files = (
				FAF19DDF1CC90F9200454324 /* 1.gif in Resources */,
				FA57CC9B1CB3EDAA000F3476 /* Main.storyboard in Resources */,
				FA57CC991CB3EDAA000F3476 /* Assets.xcassets in Resources */,
				FAC7163C1CCA26AE0018A0CF /* 2.gif in Resources */,
				FAF19DE11CC90F9200454324 /* 3.gif in Resources */,
				FA57CCA31CB3EDAA000F3476 /* 5.gif in Resources */,
				FA57CCA41CB3EDAA000F3476 /* Info.plist in Resources */,
				FAC7163D1CCA26AE0018A0CF /* 4.gif in Resources */,
				FA57CC9A1CB3EDAA000F3476 /* LaunchScreen.storyboard in Resources */,
			);
			runOnlyForDeploymentPostprocessing = 0;
		};
		FA29E9441CA9340F00E579D5 /* Resources */ = {
			isa = PBXResourcesBuildPhase;
			buildActionMask = 2147483647;
			files = (
			);
			runOnlyForDeploymentPostprocessing = 0;
		};
/* End PBXResourcesBuildPhase section */

/* Begin PBXSourcesBuildPhase section */
		FA29E92E1CA9340E00E579D5 /* Sources */ = {
			isa = PBXSourcesBuildPhase;
			buildActionMask = 2147483647;
			files = (
				FA57CC981CB3EDAA000F3476 /* AppDelegate.swift in Sources */,
				FAE121E41CB2A3DD00960D00 /* SwiftyGifManager.swift in Sources */,
				FA57CC9C1CB3EDAA000F3476 /* Cell.swift in Sources */,
				FAE121E51CB2A3DD00960D00 /* UIImage+SwiftyGif.swift in Sources */,
				FA57CCA51CB3EDAA000F3476 /* ViewController.swift in Sources */,
				FA57CC9D1CB3EDAA000F3476 /* DetailController.swift in Sources */,
				FAE121E61CB2A3DD00960D00 /* UIImageView+SwiftyGif.swift in Sources */,
			);
			runOnlyForDeploymentPostprocessing = 0;
		};
		FA29E9421CA9340F00E579D5 /* Sources */ = {
			isa = PBXSourcesBuildPhase;
			buildActionMask = 2147483647;
			files = (
				FA29E94B1CA9340F00E579D5 /* SwiftyGifTests.swift in Sources */,
			);
			runOnlyForDeploymentPostprocessing = 0;
		};
/* End PBXSourcesBuildPhase section */

/* Begin PBXTargetDependency section */
		FA29E9481CA9340F00E579D5 /* PBXTargetDependency */ = {
			isa = PBXTargetDependency;
			target = FA29E9311CA9340E00E579D5 /* SwiftyGif */;
			targetProxy = FA29E9471CA9340F00E579D5 /* PBXContainerItemProxy */;
		};
/* End PBXTargetDependency section */

/* Begin PBXVariantGroup section */
		FA57CC8A1CB3EDAA000F3476 /* LaunchScreen.storyboard */ = {
			isa = PBXVariantGroup;
			children = (
				FA57CC8B1CB3EDAA000F3476 /* Base */,
			);
			name = LaunchScreen.storyboard;
			sourceTree = "<group>";
		};
		FA57CC8C1CB3EDAA000F3476 /* Main.storyboard */ = {
			isa = PBXVariantGroup;
			children = (
				FA57CC8D1CB3EDAA000F3476 /* Base */,
			);
			name = Main.storyboard;
			sourceTree = "<group>";
		};
/* End PBXVariantGroup section */

/* Begin XCBuildConfiguration section */
		FA29E94D1CA9340F00E579D5 /* Debug */ = {
			isa = XCBuildConfiguration;
			buildSettings = {
				ALWAYS_SEARCH_USER_PATHS = NO;
				CLANG_ANALYZER_NONNULL = YES;
				CLANG_CXX_LANGUAGE_STANDARD = "gnu++0x";
				CLANG_CXX_LIBRARY = "libc++";
				CLANG_ENABLE_MODULES = YES;
				CLANG_ENABLE_OBJC_ARC = YES;
				CLANG_WARN_BOOL_CONVERSION = YES;
				CLANG_WARN_CONSTANT_CONVERSION = YES;
				CLANG_WARN_DIRECT_OBJC_ISA_USAGE = YES_ERROR;
				CLANG_WARN_EMPTY_BODY = YES;
				CLANG_WARN_ENUM_CONVERSION = YES;
				CLANG_WARN_INT_CONVERSION = YES;
				CLANG_WARN_OBJC_ROOT_CLASS = YES_ERROR;
				CLANG_WARN_UNREACHABLE_CODE = YES;
				CLANG_WARN__DUPLICATE_METHOD_MATCH = YES;
				"CODE_SIGN_IDENTITY[sdk=iphoneos*]" = "iPhone Developer";
				COPY_PHASE_STRIP = NO;
				DEBUG_INFORMATION_FORMAT = dwarf;
				ENABLE_STRICT_OBJC_MSGSEND = YES;
				ENABLE_TESTABILITY = YES;
				GCC_C_LANGUAGE_STANDARD = gnu99;
				GCC_DYNAMIC_NO_PIC = NO;
				GCC_NO_COMMON_BLOCKS = YES;
				GCC_OPTIMIZATION_LEVEL = 0;
				GCC_PREPROCESSOR_DEFINITIONS = (
					"DEBUG=1",
					"$(inherited)",
				);
				GCC_WARN_64_TO_32_BIT_CONVERSION = YES;
				GCC_WARN_ABOUT_RETURN_TYPE = YES_ERROR;
				GCC_WARN_UNDECLARED_SELECTOR = YES;
				GCC_WARN_UNINITIALIZED_AUTOS = YES_AGGRESSIVE;
				GCC_WARN_UNUSED_FUNCTION = YES;
				GCC_WARN_UNUSED_VARIABLE = YES;
				IPHONEOS_DEPLOYMENT_TARGET = 9.3;
				MTL_ENABLE_DEBUG_INFO = YES;
				ONLY_ACTIVE_ARCH = YES;
				SDKROOT = iphoneos;
				SWIFT_OPTIMIZATION_LEVEL = "-Onone";
				TARGETED_DEVICE_FAMILY = "1,2";
			};
			name = Debug;
		};
		FA29E94E1CA9340F00E579D5 /* Release */ = {
			isa = XCBuildConfiguration;
			buildSettings = {
				ALWAYS_SEARCH_USER_PATHS = NO;
				CLANG_ANALYZER_NONNULL = YES;
				CLANG_CXX_LANGUAGE_STANDARD = "gnu++0x";
				CLANG_CXX_LIBRARY = "libc++";
				CLANG_ENABLE_MODULES = YES;
				CLANG_ENABLE_OBJC_ARC = YES;
				CLANG_WARN_BOOL_CONVERSION = YES;
				CLANG_WARN_CONSTANT_CONVERSION = YES;
				CLANG_WARN_DIRECT_OBJC_ISA_USAGE = YES_ERROR;
				CLANG_WARN_EMPTY_BODY = YES;
				CLANG_WARN_ENUM_CONVERSION = YES;
				CLANG_WARN_INT_CONVERSION = YES;
				CLANG_WARN_OBJC_ROOT_CLASS = YES_ERROR;
				CLANG_WARN_UNREACHABLE_CODE = YES;
				CLANG_WARN__DUPLICATE_METHOD_MATCH = YES;
				"CODE_SIGN_IDENTITY[sdk=iphoneos*]" = "iPhone Developer";
				COPY_PHASE_STRIP = NO;
				DEBUG_INFORMATION_FORMAT = "dwarf-with-dsym";
				ENABLE_NS_ASSERTIONS = NO;
				ENABLE_STRICT_OBJC_MSGSEND = YES;
				GCC_C_LANGUAGE_STANDARD = gnu99;
				GCC_NO_COMMON_BLOCKS = YES;
				GCC_WARN_64_TO_32_BIT_CONVERSION = YES;
				GCC_WARN_ABOUT_RETURN_TYPE = YES_ERROR;
				GCC_WARN_UNDECLARED_SELECTOR = YES;
				GCC_WARN_UNINITIALIZED_AUTOS = YES_AGGRESSIVE;
				GCC_WARN_UNUSED_FUNCTION = YES;
				GCC_WARN_UNUSED_VARIABLE = YES;
				IPHONEOS_DEPLOYMENT_TARGET = 9.3;
				MTL_ENABLE_DEBUG_INFO = NO;
				SDKROOT = iphoneos;
				TARGETED_DEVICE_FAMILY = "1,2";
				VALIDATE_PRODUCT = YES;
			};
			name = Release;
		};
		FA29E9501CA9340F00E579D5 /* Debug */ = {
			isa = XCBuildConfiguration;
			buildSettings = {
				ASSETCATALOG_COMPILER_APPICON_NAME = AppIcon;
				INFOPLIST_FILE = "$(SRCROOT)/SwiftyGifExample/Info.plist";
				LD_RUNPATH_SEARCH_PATHS = "$(inherited) @executable_path/Frameworks";
				PRODUCT_BUNDLE_IDENTIFIER = com.alexiscreuzot.SwiftyGif;
				PRODUCT_NAME = "$(TARGET_NAME)";
			};
			name = Debug;
		};
		FA29E9511CA9340F00E579D5 /* Release */ = {
			isa = XCBuildConfiguration;
			buildSettings = {
				ASSETCATALOG_COMPILER_APPICON_NAME = AppIcon;
				INFOPLIST_FILE = "$(SRCROOT)/SwiftyGifExample/Info.plist";
				LD_RUNPATH_SEARCH_PATHS = "$(inherited) @executable_path/Frameworks";
				PRODUCT_BUNDLE_IDENTIFIER = com.alexiscreuzot.SwiftyGif;
				PRODUCT_NAME = "$(TARGET_NAME)";
			};
			name = Release;
		};
		FA29E9531CA9340F00E579D5 /* Debug */ = {
			isa = XCBuildConfiguration;
			buildSettings = {
				BUNDLE_LOADER = "$(TEST_HOST)";
				INFOPLIST_FILE = SwiftyGifTests/Info.plist;
				LD_RUNPATH_SEARCH_PATHS = "$(inherited) @executable_path/Frameworks @loader_path/Frameworks";
				PRODUCT_BUNDLE_IDENTIFIER = com.alexiscreuzot.SwiftyGifTests;
				PRODUCT_NAME = "$(TARGET_NAME)";
				TEST_HOST = "$(BUILT_PRODUCTS_DIR)/SwiftyGif.app/SwiftyGif";
			};
			name = Debug;
		};
		FA29E9541CA9340F00E579D5 /* Release */ = {
			isa = XCBuildConfiguration;
			buildSettings = {
				BUNDLE_LOADER = "$(TEST_HOST)";
				INFOPLIST_FILE = SwiftyGifTests/Info.plist;
				LD_RUNPATH_SEARCH_PATHS = "$(inherited) @executable_path/Frameworks @loader_path/Frameworks";
				PRODUCT_BUNDLE_IDENTIFIER = com.alexiscreuzot.SwiftyGifTests;
				PRODUCT_NAME = "$(TARGET_NAME)";
				TEST_HOST = "$(BUILT_PRODUCTS_DIR)/SwiftyGif.app/SwiftyGif";
			};
			name = Release;
		};
/* End XCBuildConfiguration section */

/* Begin XCConfigurationList section */
		FA29E92D1CA9340E00E579D5 /* Build configuration list for PBXProject "SwiftyGif" */ = {
			isa = XCConfigurationList;
			buildConfigurations = (
				FA29E94D1CA9340F00E579D5 /* Debug */,
				FA29E94E1CA9340F00E579D5 /* Release */,
			);
			defaultConfigurationIsVisible = 0;
			defaultConfigurationName = Release;
		};
		FA29E94F1CA9340F00E579D5 /* Build configuration list for PBXNativeTarget "SwiftyGif" */ = {
			isa = XCConfigurationList;
			buildConfigurations = (
				FA29E9501CA9340F00E579D5 /* Debug */,
				FA29E9511CA9340F00E579D5 /* Release */,
			);
			defaultConfigurationIsVisible = 0;
			defaultConfigurationName = Release;
		};
		FA29E9521CA9340F00E579D5 /* Build configuration list for PBXNativeTarget "SwiftyGifTests" */ = {
			isa = XCConfigurationList;
			buildConfigurations = (
				FA29E9531CA9340F00E579D5 /* Debug */,
				FA29E9541CA9340F00E579D5 /* Release */,
			);
			defaultConfigurationIsVisible = 0;
			defaultConfigurationName = Release;
		};
/* End XCConfigurationList section */
	};
	rootObject = FA29E92A1CA9340E00E579D5 /* Project object */;
}
