// !$*UTF8*$!
{
	archiveVersion = 1;
	classes = {
	};
	objectVersion = 46;
	objects = {

/* Begin PBXBuildFile section */
		230188A124D95CB800EFE1BC /* SwiftyGifManager.swift in Sources */ = {isa = PBXBuildFile; fileRef = FAE121E11CB2A3DD00960D00 /* SwiftyGifManager.swift */; };
		230188A324D9615700EFE1BC /* NSImageView+SwiftyGif.swift in Sources */ = {isa = PBXBuildFile; fileRef = 230188A224D9614900EFE1BC /* NSImageView+SwiftyGif.swift */; };
		230188A524D961D800EFE1BC /* NSImage+SwiftyGif.swift in Sources */ = {isa = PBXBuildFile; fileRef = 230188A424D961CD00EFE1BC /* NSImage+SwiftyGif.swift */; };
		230188C124D964FE00EFE1BC /* AppDelegate.swift in Sources */ = {isa = PBXBuildFile; fileRef = 230188C024D964FE00EFE1BC /* AppDelegate.swift */; };
		230188C324D964FE00EFE1BC /* ViewController.swift in Sources */ = {isa = PBXBuildFile; fileRef = 230188C224D964FE00EFE1BC /* ViewController.swift */; };
		230188C524D964FF00EFE1BC /* Assets.xcassets in Resources */ = {isa = PBXBuildFile; fileRef = 230188C424D964FF00EFE1BC /* Assets.xcassets */; };
		230188C824D964FF00EFE1BC /* Main.storyboard in Resources */ = {isa = PBXBuildFile; fileRef = 230188C624D964FF00EFE1BC /* Main.storyboard */; };
		230188D024D965E800EFE1BC /* libSwiftyGifMac.a in Frameworks */ = {isa = PBXBuildFile; fileRef = 2301889824D95CA100EFE1BC /* libSwiftyGifMac.a */; };
		230188D224D9684100EFE1BC /* 3.gif in Resources */ = {isa = PBXBuildFile; fileRef = FAF19DDC1CC90F9200454324 /* 3.gif */; };
		230188D324D9684100EFE1BC /* 2.gif in Resources */ = {isa = PBXBuildFile; fileRef = FAC7163A1CCA26AE0018A0CF /* 2.gif */; };
		230188D424D9684100EFE1BC /* 4.gif in Resources */ = {isa = PBXBuildFile; fileRef = FAC7163B1CCA26AE0018A0CF /* 4.gif */; };
		230188D524D9684100EFE1BC /* 5.gif in Resources */ = {isa = PBXBuildFile; fileRef = FA57CC951CB3EDAA000F3476 /* 5.gif */; };
		3B18BAF81E289899009C125A /* SwiftyGif.h in Headers */ = {isa = PBXBuildFile; fileRef = 3B18BAF61E289899009C125A /* SwiftyGif.h */; settings = {ATTRIBUTES = (Public, ); }; };
		3B18BAFB1E289899009C125A /* SwiftyGif.framework in Frameworks */ = {isa = PBXBuildFile; fileRef = 3B18BAF41E289899009C125A /* SwiftyGif.framework */; };
		3B18BAFC1E289899009C125A /* SwiftyGif.framework in Embed Frameworks */ = {isa = PBXBuildFile; fileRef = 3B18BAF41E289899009C125A /* SwiftyGif.framework */; settings = {ATTRIBUTES = (CodeSignOnCopy, RemoveHeadersOnCopy, ); }; };
		3B18BB011E2898A1009C125A /* SwiftyGifManager.swift in Sources */ = {isa = PBXBuildFile; fileRef = FAE121E11CB2A3DD00960D00 /* SwiftyGifManager.swift */; };
		3B18BB021E2898A5009C125A /* UIImage+SwiftyGif.swift in Sources */ = {isa = PBXBuildFile; fileRef = FAE121E21CB2A3DD00960D00 /* UIImage+SwiftyGif.swift */; };
		3B18BB031E2898A9009C125A /* UIImageView+SwiftyGif.swift in Sources */ = {isa = PBXBuildFile; fileRef = FAE121E31CB2A3DD00960D00 /* UIImageView+SwiftyGif.swift */; };
		7A6E2EDC2B2278AE00A3ABF1 /* PrivacyInfo.xcprivacy in Resources */ = {isa = PBXBuildFile; fileRef = 7A6E2EDB2B2278AE00A3ABF1 /* PrivacyInfo.xcprivacy */; };
		AD938875276BBDBD00013AB1 /* ObjcAssociatedWeakObject.swift in Sources */ = {isa = PBXBuildFile; fileRef = AD938874276BBDBD00013AB1 /* ObjcAssociatedWeakObject.swift */; };
		AD938876276BBDBD00013AB1 /* ObjcAssociatedWeakObject.swift in Sources */ = {isa = PBXBuildFile; fileRef = AD938874276BBDBD00013AB1 /* ObjcAssociatedWeakObject.swift */; };
		EF34CB4D22A51591002A6C92 /* SwiftyGifTests.swift in Sources */ = {isa = PBXBuildFile; fileRef = EF34CB4C22A51591002A6C92 /* SwiftyGifTests.swift */; };
		EF34CB4F22A51591002A6C92 /* SwiftyGif.framework in Frameworks */ = {isa = PBXBuildFile; fileRef = 3B18BAF41E289899009C125A /* SwiftyGif.framework */; };
		EF34CB5522A524F6002A6C92 /* single_frame_Zt2012.gif in Resources */ = {isa = PBXBuildFile; fileRef = EF26CB8A22A167B100E92383 /* single_frame_Zt2012.gif */; };
		EF34CB5622A524FA002A6C92 /* 20000x20000.gif in Resources */ = {isa = PBXBuildFile; fileRef = EF26CB8C22A16DB900E92383 /* 20000x20000.gif */; };
		EF34CB5722A524FE002A6C92 /* no_property_dictionary.gif in Resources */ = {isa = PBXBuildFile; fileRef = EF26CB8822A166E400E92383 /* no_property_dictionary.gif */; };
		EF34CB5F22A52909002A6C92 /* SnapshotTesting.framework in Frameworks */ = {isa = PBXBuildFile; fileRef = EF34CB5E22A52909002A6C92 /* SnapshotTesting.framework */; };
		EF34CB6122A52929002A6C92 /* SnapshotTesting.framework in CopyFiles */ = {isa = PBXBuildFile; fileRef = EF34CB5E22A52909002A6C92 /* SnapshotTesting.framework */; settings = {ATTRIBUTES = (CodeSignOnCopy, RemoveHeadersOnCopy, ); }; };
		EF34CB6322A54271002A6C92 /* 15MB_Einstein_rings_zoom.gif in Resources */ = {isa = PBXBuildFile; fileRef = EF34CB6222A54271002A6C92 /* 15MB_Einstein_rings_zoom.gif */; };
		EF34CB6422A54ABC002A6C92 /* no_property_dictionary.gif in Resources */ = {isa = PBXBuildFile; fileRef = EF26CB8822A166E400E92383 /* no_property_dictionary.gif */; };
		EF34CB6522A54AC0002A6C92 /* single_frame_Zt2012.gif in Resources */ = {isa = PBXBuildFile; fileRef = EF26CB8A22A167B100E92383 /* single_frame_Zt2012.gif */; };
		EF34CB6722A54ACE002A6C92 /* 20000x20000.gif in Resources */ = {isa = PBXBuildFile; fileRef = EF26CB8C22A16DB900E92383 /* 20000x20000.gif */; };
		FA57CC981CB3EDAA000F3476 /* AppDelegate.swift in Sources */ = {isa = PBXBuildFile; fileRef = FA57CC871CB3EDAA000F3476 /* AppDelegate.swift */; };
		FA57CC991CB3EDAA000F3476 /* Assets.xcassets in Resources */ = {isa = PBXBuildFile; fileRef = FA57CC881CB3EDAA000F3476 /* Assets.xcassets */; };
		FA57CC9A1CB3EDAA000F3476 /* LaunchScreen.storyboard in Resources */ = {isa = PBXBuildFile; fileRef = FA57CC8A1CB3EDAA000F3476 /* LaunchScreen.storyboard */; };
		FA57CC9B1CB3EDAA000F3476 /* Main.storyboard in Resources */ = {isa = PBXBuildFile; fileRef = FA57CC8C1CB3EDAA000F3476 /* Main.storyboard */; };
		FA57CC9C1CB3EDAA000F3476 /* Cell.swift in Sources */ = {isa = PBXBuildFile; fileRef = FA57CC8E1CB3EDAA000F3476 /* Cell.swift */; };
		FA57CC9D1CB3EDAA000F3476 /* DetailController.swift in Sources */ = {isa = PBXBuildFile; fileRef = FA57CC8F1CB3EDAA000F3476 /* DetailController.swift */; };
		FA57CCA31CB3EDAA000F3476 /* 5.gif in Resources */ = {isa = PBXBuildFile; fileRef = FA57CC951CB3EDAA000F3476 /* 5.gif */; };
		FA57CCA51CB3EDAA000F3476 /* ViewController.swift in Sources */ = {isa = PBXBuildFile; fileRef = FA57CC971CB3EDAA000F3476 /* ViewController.swift */; };
		FAC7163C1CCA26AE0018A0CF /* 2.gif in Resources */ = {isa = PBXBuildFile; fileRef = FAC7163A1CCA26AE0018A0CF /* 2.gif */; };
		FAC7163D1CCA26AE0018A0CF /* 4.gif in Resources */ = {isa = PBXBuildFile; fileRef = FAC7163B1CCA26AE0018A0CF /* 4.gif */; };
		FAF19DE11CC90F9200454324 /* 3.gif in Resources */ = {isa = PBXBuildFile; fileRef = FAF19DDC1CC90F9200454324 /* 3.gif */; };
/* End PBXBuildFile section */

/* Begin PBXContainerItemProxy section */
		230188CE24D965DE00EFE1BC /* PBXContainerItemProxy */ = {
			isa = PBXContainerItemProxy;
			containerPortal = FA29E92A1CA9340E00E579D5 /* Project object */;
			proxyType = 1;
			remoteGlobalIDString = 2301889724D95CA100EFE1BC;
			remoteInfo = SwiftyGifMac;
		};
		3B18BAF91E289899009C125A /* PBXContainerItemProxy */ = {
			isa = PBXContainerItemProxy;
			containerPortal = FA29E92A1CA9340E00E579D5 /* Project object */;
			proxyType = 1;
			remoteGlobalIDString = 3B18BAF31E289899009C125A;
			remoteInfo = SwiftyGif;
		};
		EF34CB5022A51591002A6C92 /* PBXContainerItemProxy */ = {
			isa = PBXContainerItemProxy;
			containerPortal = FA29E92A1CA9340E00E579D5 /* Project object */;
			proxyType = 1;
			remoteGlobalIDString = 3B18BAF31E289899009C125A;
			remoteInfo = SwiftyGif;
		};
/* End PBXContainerItemProxy section */

/* Begin PBXCopyFilesBuildPhase section */
		3B18BB001E289899009C125A /* Embed Frameworks */ = {
			isa = PBXCopyFilesBuildPhase;
			buildActionMask = 2147483647;
			dstPath = "";
			dstSubfolderSpec = 10;
			files = (
				3B18BAFC1E289899009C125A /* SwiftyGif.framework in Embed Frameworks */,
			);
			name = "Embed Frameworks";
			runOnlyForDeploymentPostprocessing = 0;
		};
		EF34CB6022A52914002A6C92 /* CopyFiles */ = {
			isa = PBXCopyFilesBuildPhase;
			buildActionMask = 2147483647;
			dstPath = "";
			dstSubfolderSpec = 10;
			files = (
				EF34CB6122A52929002A6C92 /* SnapshotTesting.framework in CopyFiles */,
			);
			runOnlyForDeploymentPostprocessing = 0;
		};
/* End PBXCopyFilesBuildPhase section */

/* Begin PBXFileReference section */
		2301889824D95CA100EFE1BC /* libSwiftyGifMac.a */ = {isa = PBXFileReference; explicitFileType = archive.ar; includeInIndex = 0; path = libSwiftyGifMac.a; sourceTree = BUILT_PRODUCTS_DIR; };
		230188A224D9614900EFE1BC /* NSImageView+SwiftyGif.swift */ = {isa = PBXFileReference; lastKnownFileType = sourcecode.swift; path = "NSImageView+SwiftyGif.swift"; sourceTree = "<group>"; };
		230188A424D961CD00EFE1BC /* NSImage+SwiftyGif.swift */ = {isa = PBXFileReference; lastKnownFileType = sourcecode.swift; path = "NSImage+SwiftyGif.swift"; sourceTree = "<group>"; };
		230188BE24D964FE00EFE1BC /* SwiftyGifMacExample.app */ = {isa = PBXFileReference; explicitFileType = wrapper.application; includeInIndex = 0; path = SwiftyGifMacExample.app; sourceTree = BUILT_PRODUCTS_DIR; };
		230188C024D964FE00EFE1BC /* AppDelegate.swift */ = {isa = PBXFileReference; lastKnownFileType = sourcecode.swift; path = AppDelegate.swift; sourceTree = "<group>"; };
		230188C224D964FE00EFE1BC /* ViewController.swift */ = {isa = PBXFileReference; lastKnownFileType = sourcecode.swift; path = ViewController.swift; sourceTree = "<group>"; };
		230188C424D964FF00EFE1BC /* Assets.xcassets */ = {isa = PBXFileReference; lastKnownFileType = folder.assetcatalog; path = Assets.xcassets; sourceTree = "<group>"; };
		230188C724D964FF00EFE1BC /* Base */ = {isa = PBXFileReference; lastKnownFileType = file.storyboard; name = Base; path = Base.lproj/Main.storyboard; sourceTree = "<group>"; };
		230188C924D964FF00EFE1BC /* Info.plist */ = {isa = PBXFileReference; lastKnownFileType = text.plist.xml; path = Info.plist; sourceTree = "<group>"; };
		230188CA24D964FF00EFE1BC /* SwiftyGifMacExample.entitlements */ = {isa = PBXFileReference; lastKnownFileType = text.plist.entitlements; path = SwiftyGifMacExample.entitlements; sourceTree = "<group>"; };
		3B18BAF41E289899009C125A /* SwiftyGif.framework */ = {isa = PBXFileReference; explicitFileType = wrapper.framework; includeInIndex = 0; path = SwiftyGif.framework; sourceTree = BUILT_PRODUCTS_DIR; };
		3B18BAF61E289899009C125A /* SwiftyGif.h */ = {isa = PBXFileReference; lastKnownFileType = sourcecode.c.h; path = SwiftyGif.h; sourceTree = "<group>"; };
		3B18BAF71E289899009C125A /* Info.plist */ = {isa = PBXFileReference; lastKnownFileType = text.plist.xml; path = Info.plist; sourceTree = "<group>"; };
		7A6E2EDB2B2278AE00A3ABF1 /* PrivacyInfo.xcprivacy */ = {isa = PBXFileReference; lastKnownFileType = text.xml; path = PrivacyInfo.xcprivacy; sourceTree = "<group>"; };
		AD938874276BBDBD00013AB1 /* ObjcAssociatedWeakObject.swift */ = {isa = PBXFileReference; lastKnownFileType = sourcecode.swift; path = ObjcAssociatedWeakObject.swift; sourceTree = "<group>"; };
		EF26CB8822A166E400E92383 /* no_property_dictionary.gif */ = {isa = PBXFileReference; lastKnownFileType = image.gif; path = no_property_dictionary.gif; sourceTree = "<group>"; };
		EF26CB8A22A167B100E92383 /* single_frame_Zt2012.gif */ = {isa = PBXFileReference; lastKnownFileType = image.gif; path = single_frame_Zt2012.gif; sourceTree = "<group>"; };
		EF26CB8C22A16DB900E92383 /* 20000x20000.gif */ = {isa = PBXFileReference; lastKnownFileType = image.gif; path = 20000x20000.gif; sourceTree = "<group>"; };
		EF34CB4A22A51591002A6C92 /* SwiftyGifTests.xctest */ = {isa = PBXFileReference; explicitFileType = wrapper.cfbundle; includeInIndex = 0; path = SwiftyGifTests.xctest; sourceTree = BUILT_PRODUCTS_DIR; };
		EF34CB4C22A51591002A6C92 /* SwiftyGifTests.swift */ = {isa = PBXFileReference; lastKnownFileType = sourcecode.swift; path = SwiftyGifTests.swift; sourceTree = "<group>"; };
		EF34CB4E22A51591002A6C92 /* Info.plist */ = {isa = PBXFileReference; lastKnownFileType = text.plist.xml; path = Info.plist; sourceTree = "<group>"; };
		EF34CB5922A52876002A6C92 /* Cartfile.resolved */ = {isa = PBXFileReference; fileEncoding = 4; lastKnownFileType = text; path = Cartfile.resolved; sourceTree = SOURCE_ROOT; };
		EF34CB5A22A52876002A6C92 /* Cartfile.private */ = {isa = PBXFileReference; fileEncoding = 4; lastKnownFileType = text; path = Cartfile.private; sourceTree = SOURCE_ROOT; };
		EF34CB5E22A52909002A6C92 /* SnapshotTesting.framework */ = {isa = PBXFileReference; lastKnownFileType = wrapper.framework; name = SnapshotTesting.framework; path = Carthage/Build/iOS/SnapshotTesting.framework; sourceTree = "<group>"; };
		EF34CB6222A54271002A6C92 /* 15MB_Einstein_rings_zoom.gif */ = {isa = PBXFileReference; lastKnownFileType = image.gif; name = 15MB_Einstein_rings_zoom.gif; path = ../../../../../Downloads/15MB_Einstein_rings_zoom.gif; sourceTree = "<group>"; };
		FA29E9321CA9340E00E579D5 /* SwiftyGifExample.app */ = {isa = PBXFileReference; explicitFileType = wrapper.application; includeInIndex = 0; path = SwiftyGifExample.app; sourceTree = BUILT_PRODUCTS_DIR; };
		FA29E94A1CA9340F00E579D5 /* SwiftyGifTests.swift */ = {isa = PBXFileReference; lastKnownFileType = sourcecode.swift; path = SwiftyGifTests.swift; sourceTree = "<group>"; };
		FA29E94C1CA9340F00E579D5 /* Info.plist */ = {isa = PBXFileReference; lastKnownFileType = text.plist.xml; path = Info.plist; sourceTree = "<group>"; };
		FA57CC871CB3EDAA000F3476 /* AppDelegate.swift */ = {isa = PBXFileReference; fileEncoding = 4; lastKnownFileType = sourcecode.swift; path = AppDelegate.swift; sourceTree = "<group>"; };
		FA57CC881CB3EDAA000F3476 /* Assets.xcassets */ = {isa = PBXFileReference; lastKnownFileType = folder.assetcatalog; path = Assets.xcassets; sourceTree = "<group>"; };
		FA57CC8B1CB3EDAA000F3476 /* Base */ = {isa = PBXFileReference; lastKnownFileType = file.storyboard; name = Base; path = LaunchScreen.storyboard; sourceTree = "<group>"; };
		FA57CC8D1CB3EDAA000F3476 /* Base */ = {isa = PBXFileReference; lastKnownFileType = file.storyboard; name = Base; path = Main.storyboard; sourceTree = "<group>"; };
		FA57CC8E1CB3EDAA000F3476 /* Cell.swift */ = {isa = PBXFileReference; fileEncoding = 4; lastKnownFileType = sourcecode.swift; path = Cell.swift; sourceTree = "<group>"; };
		FA57CC8F1CB3EDAA000F3476 /* DetailController.swift */ = {isa = PBXFileReference; fileEncoding = 4; lastKnownFileType = sourcecode.swift; path = DetailController.swift; sourceTree = "<group>"; };
		FA57CC951CB3EDAA000F3476 /* 5.gif */ = {isa = PBXFileReference; lastKnownFileType = image.gif; path = 5.gif; sourceTree = "<group>"; };
		FA57CC961CB3EDAA000F3476 /* Info.plist */ = {isa = PBXFileReference; fileEncoding = 4; lastKnownFileType = text.plist.xml; path = Info.plist; sourceTree = "<group>"; };
		FA57CC971CB3EDAA000F3476 /* ViewController.swift */ = {isa = PBXFileReference; fileEncoding = 4; lastKnownFileType = sourcecode.swift; path = ViewController.swift; sourceTree = "<group>"; };
		FAC7163A1CCA26AE0018A0CF /* 2.gif */ = {isa = PBXFileReference; lastKnownFileType = image.gif; path = 2.gif; sourceTree = "<group>"; };
		FAC7163B1CCA26AE0018A0CF /* 4.gif */ = {isa = PBXFileReference; lastKnownFileType = image.gif; path = 4.gif; sourceTree = "<group>"; };
		FAE121E11CB2A3DD00960D00 /* SwiftyGifManager.swift */ = {isa = PBXFileReference; fileEncoding = 4; lastKnownFileType = sourcecode.swift; path = SwiftyGifManager.swift; sourceTree = "<group>"; };
		FAE121E21CB2A3DD00960D00 /* UIImage+SwiftyGif.swift */ = {isa = PBXFileReference; fileEncoding = 4; lastKnownFileType = sourcecode.swift; path = "UIImage+SwiftyGif.swift"; sourceTree = "<group>"; };
		FAE121E31CB2A3DD00960D00 /* UIImageView+SwiftyGif.swift */ = {isa = PBXFileReference; fileEncoding = 4; lastKnownFileType = sourcecode.swift; path = "UIImageView+SwiftyGif.swift"; sourceTree = "<group>"; };
		FAF19DDC1CC90F9200454324 /* 3.gif */ = {isa = PBXFileReference; lastKnownFileType = image.gif; path = 3.gif; sourceTree = "<group>"; };
/* End PBXFileReference section */

/* Begin PBXFrameworksBuildPhase section */
		2301889624D95CA100EFE1BC /* Frameworks */ = {
			isa = PBXFrameworksBuildPhase;
			buildActionMask = 2147483647;
			files = (
			);
			runOnlyForDeploymentPostprocessing = 0;
		};
		230188BB24D964FE00EFE1BC /* Frameworks */ = {
			isa = PBXFrameworksBuildPhase;
			buildActionMask = 2147483647;
			files = (
				230188D024D965E800EFE1BC /* libSwiftyGifMac.a in Frameworks */,
			);
			runOnlyForDeploymentPostprocessing = 0;
		};
		3B18BAF01E289899009C125A /* Frameworks */ = {
			isa = PBXFrameworksBuildPhase;
			buildActionMask = 2147483647;
			files = (
			);
			runOnlyForDeploymentPostprocessing = 0;
		};
		EF34CB4722A51591002A6C92 /* Frameworks */ = {
			isa = PBXFrameworksBuildPhase;
			buildActionMask = 2147483647;
			files = (
				EF34CB5F22A52909002A6C92 /* SnapshotTesting.framework in Frameworks */,
				EF34CB4F22A51591002A6C92 /* SwiftyGif.framework in Frameworks */,
			);
			runOnlyForDeploymentPostprocessing = 0;
		};
		FA29E92F1CA9340E00E579D5 /* Frameworks */ = {
			isa = PBXFrameworksBuildPhase;
			buildActionMask = 2147483647;
			files = (
				3B18BAFB1E289899009C125A /* SwiftyGif.framework in Frameworks */,
			);
			runOnlyForDeploymentPostprocessing = 0;
		};
/* End PBXFrameworksBuildPhase section */

/* Begin PBXGroup section */
		230188BF24D964FE00EFE1BC /* SwiftyGifMacExample */ = {
			isa = PBXGroup;
			children = (
				230188C024D964FE00EFE1BC /* AppDelegate.swift */,
				230188C224D964FE00EFE1BC /* ViewController.swift */,
				230188C424D964FF00EFE1BC /* Assets.xcassets */,
				230188C624D964FF00EFE1BC /* Main.storyboard */,
				230188C924D964FF00EFE1BC /* Info.plist */,
				230188CA24D964FF00EFE1BC /* SwiftyGifMacExample.entitlements */,
			);
			path = SwiftyGifMacExample;
			sourceTree = "<group>";
		};
		3B18BAF51E289899009C125A /* SwiftyGif */ = {
			isa = PBXGroup;
			children = (
				3B18BAF61E289899009C125A /* SwiftyGif.h */,
				3B18BAF71E289899009C125A /* Info.plist */,
			);
			path = SwiftyGif;
			sourceTree = "<group>";
		};
		EF34CB4422A514E7002A6C92 /* Images */ = {
			isa = PBXGroup;
			children = (
				EF34CB6222A54271002A6C92 /* 15MB_Einstein_rings_zoom.gif */,
				EF26CB8822A166E400E92383 /* no_property_dictionary.gif */,
				EF26CB8A22A167B100E92383 /* single_frame_Zt2012.gif */,
				EF26CB8C22A16DB900E92383 /* 20000x20000.gif */,
			);
			path = Images;
			sourceTree = "<group>";
		};
		EF34CB4B22A51591002A6C92 /* SwiftyGifTests */ = {
			isa = PBXGroup;
			children = (
				EF34CB4C22A51591002A6C92 /* SwiftyGifTests.swift */,
				EF34CB4E22A51591002A6C92 /* Info.plist */,
			);
			path = SwiftyGifTests;
			sourceTree = "<group>";
		};
		EF34CB5D22A52909002A6C92 /* Frameworks */ = {
			isa = PBXGroup;
			children = (
				EF34CB5E22A52909002A6C92 /* SnapshotTesting.framework */,
			);
			name = Frameworks;
			sourceTree = "<group>";
		};
		FA29E9291CA9340E00E579D5 = {
			isa = PBXGroup;
			children = (
				FA29E9551CA9342F00E579D5 /* SwiftyGif */,
				FA29E9341CA9340E00E579D5 /* SwiftyGifExample */,
				230188BF24D964FE00EFE1BC /* SwiftyGifMacExample */,
				FA29E9491CA9340F00E579D5 /* SwiftyGifTests */,
				3B18BAF51E289899009C125A /* SwiftyGif */,
				EF34CB4B22A51591002A6C92 /* SwiftyGifTests */,
				FA29E9331CA9340E00E579D5 /* Products */,
				EF34CB5D22A52909002A6C92 /* Frameworks */,
			);
			sourceTree = "<group>";
		};
		FA29E9331CA9340E00E579D5 /* Products */ = {
			isa = PBXGroup;
			children = (
				FA29E9321CA9340E00E579D5 /* SwiftyGifExample.app */,
				3B18BAF41E289899009C125A /* SwiftyGif.framework */,
				EF34CB4A22A51591002A6C92 /* SwiftyGifTests.xctest */,
				2301889824D95CA100EFE1BC /* libSwiftyGifMac.a */,
				230188BE24D964FE00EFE1BC /* SwiftyGifMacExample.app */,
			);
			name = Products;
			sourceTree = "<group>";
		};
		FA29E9341CA9340E00E579D5 /* SwiftyGifExample */ = {
			isa = PBXGroup;
			children = (
				FA57CC871CB3EDAA000F3476 /* AppDelegate.swift */,
				FA57CC881CB3EDAA000F3476 /* Assets.xcassets */,
				FA57CC891CB3EDAA000F3476 /* Base.lproj */,
				FA57CC8E1CB3EDAA000F3476 /* Cell.swift */,
				FA57CC8F1CB3EDAA000F3476 /* DetailController.swift */,
				FA57CC971CB3EDAA000F3476 /* ViewController.swift */,
				FAF19DDC1CC90F9200454324 /* 3.gif */,
				FAC7163A1CCA26AE0018A0CF /* 2.gif */,
				FAC7163B1CCA26AE0018A0CF /* 4.gif */,
				FA57CC951CB3EDAA000F3476 /* 5.gif */,
				FA57CC961CB3EDAA000F3476 /* Info.plist */,
			);
			path = SwiftyGifExample;
			sourceTree = "<group>";
		};
		FA29E9491CA9340F00E579D5 /* SwiftyGifTests */ = {
			isa = PBXGroup;
			children = (
				EF34CB5A22A52876002A6C92 /* Cartfile.private */,
				EF34CB5922A52876002A6C92 /* Cartfile.resolved */,
				EF34CB4422A514E7002A6C92 /* Images */,
				FA29E94A1CA9340F00E579D5 /* SwiftyGifTests.swift */,
				FA29E94C1CA9340F00E579D5 /* Info.plist */,
			);
			path = SwiftyGifTests;
			sourceTree = "<group>";
		};
		FA29E9551CA9342F00E579D5 /* SwiftyGif */ = {
			isa = PBXGroup;
			children = (
				FAE121E11CB2A3DD00960D00 /* SwiftyGifManager.swift */,
				FAE121E21CB2A3DD00960D00 /* UIImage+SwiftyGif.swift */,
				FAE121E31CB2A3DD00960D00 /* UIImageView+SwiftyGif.swift */,
				230188A424D961CD00EFE1BC /* NSImage+SwiftyGif.swift */,
				230188A224D9614900EFE1BC /* NSImageView+SwiftyGif.swift */,
				AD938874276BBDBD00013AB1 /* ObjcAssociatedWeakObject.swift */,
				7A6E2EDB2B2278AE00A3ABF1 /* PrivacyInfo.xcprivacy */,
			);
			path = SwiftyGif;
			sourceTree = "<group>";
		};
		FA57CC891CB3EDAA000F3476 /* Base.lproj */ = {
			isa = PBXGroup;
			children = (
				FA57CC8A1CB3EDAA000F3476 /* LaunchScreen.storyboard */,
				FA57CC8C1CB3EDAA000F3476 /* Main.storyboard */,
			);
			path = Base.lproj;
			sourceTree = "<group>";
		};
/* End PBXGroup section */

/* Begin PBXHeadersBuildPhase section */
		2301889424D95CA100EFE1BC /* Headers */ = {
			isa = PBXHeadersBuildPhase;
			buildActionMask = 2147483647;
			files = (
			);
			runOnlyForDeploymentPostprocessing = 0;
		};
		3B18BAF11E289899009C125A /* Headers */ = {
			isa = PBXHeadersBuildPhase;
			buildActionMask = 2147483647;
			files = (
				3B18BAF81E289899009C125A /* SwiftyGif.h in Headers */,
			);
			runOnlyForDeploymentPostprocessing = 0;
		};
/* End PBXHeadersBuildPhase section */

/* Begin PBXNativeTarget section */
		2301889724D95CA100EFE1BC /* SwiftyGifMac */ = {
			isa = PBXNativeTarget;
			buildConfigurationList = 230188A024D95CA100EFE1BC /* Build configuration list for PBXNativeTarget "SwiftyGifMac" */;
			buildPhases = (
				2301889424D95CA100EFE1BC /* Headers */,
				2301889524D95CA100EFE1BC /* Sources */,
				2301889624D95CA100EFE1BC /* Frameworks */,
			);
			buildRules = (
			);
			dependencies = (
			);
			name = SwiftyGifMac;
			productName = SwiftyGifMac;
			productReference = 2301889824D95CA100EFE1BC /* libSwiftyGifMac.a */;
			productType = "com.apple.product-type.library.static";
		};
		230188BD24D964FE00EFE1BC /* SwiftyGifMacExample */ = {
			isa = PBXNativeTarget;
			buildConfigurationList = 230188CB24D964FF00EFE1BC /* Build configuration list for PBXNativeTarget "SwiftyGifMacExample" */;
			buildPhases = (
				230188BA24D964FE00EFE1BC /* Sources */,
				230188BB24D964FE00EFE1BC /* Frameworks */,
				230188BC24D964FE00EFE1BC /* Resources */,
			);
			buildRules = (
			);
			dependencies = (
				230188CF24D965DE00EFE1BC /* PBXTargetDependency */,
			);
			name = SwiftyGifMacExample;
			productName = SwiftyGifMacExample;
			productReference = 230188BE24D964FE00EFE1BC /* SwiftyGifMacExample.app */;
			productType = "com.apple.product-type.application";
		};
		3B18BAF31E289899009C125A /* SwiftyGif */ = {
			isa = PBXNativeTarget;
			buildConfigurationList = 3B18BAFD1E289899009C125A /* Build configuration list for PBXNativeTarget "SwiftyGif" */;
			buildPhases = (
				3B18BAEF1E289899009C125A /* Sources */,
				3B18BAF01E289899009C125A /* Frameworks */,
				3B18BAF11E289899009C125A /* Headers */,
				3B18BAF21E289899009C125A /* Resources */,
			);
			buildRules = (
			);
			dependencies = (
			);
			name = SwiftyGif;
			productName = SwiftyGif;
			productReference = 3B18BAF41E289899009C125A /* SwiftyGif.framework */;
			productType = "com.apple.product-type.framework";
		};
		EF34CB4922A51591002A6C92 /* SwiftyGifTests */ = {
			isa = PBXNativeTarget;
			buildConfigurationList = EF34CB5222A51591002A6C92 /* Build configuration list for PBXNativeTarget "SwiftyGifTests" */;
			buildPhases = (
				EF34CB4622A51591002A6C92 /* Sources */,
				EF34CB4722A51591002A6C92 /* Frameworks */,
				EF34CB4822A51591002A6C92 /* Resources */,
				EF34CB6022A52914002A6C92 /* CopyFiles */,
			);
			buildRules = (
			);
			dependencies = (
				EF34CB5122A51591002A6C92 /* PBXTargetDependency */,
			);
			name = SwiftyGifTests;
			productName = SwiftyGifTests;
			productReference = EF34CB4A22A51591002A6C92 /* SwiftyGifTests.xctest */;
			productType = "com.apple.product-type.bundle.unit-test";
		};
		FA29E9311CA9340E00E579D5 /* SwiftyGifExample */ = {
			isa = PBXNativeTarget;
			buildConfigurationList = FA29E94F1CA9340F00E579D5 /* Build configuration list for PBXNativeTarget "SwiftyGifExample" */;
			buildPhases = (
				FA29E92E1CA9340E00E579D5 /* Sources */,
				FA29E92F1CA9340E00E579D5 /* Frameworks */,
				FA29E9301CA9340E00E579D5 /* Resources */,
				3B18BB001E289899009C125A /* Embed Frameworks */,
			);
			buildRules = (
			);
			dependencies = (
				3B18BAFA1E289899009C125A /* PBXTargetDependency */,
			);
			name = SwiftyGifExample;
			productName = SwiftyGif;
			productReference = FA29E9321CA9340E00E579D5 /* SwiftyGifExample.app */;
			productType = "com.apple.product-type.application";
		};
/* End PBXNativeTarget section */

/* Begin PBXProject section */
		FA29E92A1CA9340E00E579D5 /* Project object */ = {
			isa = PBXProject;
			attributes = {
				LastSwiftUpdateCheck = 1150;
				LastUpgradeCheck = 1410;
				ORGANIZATIONNAME = alexiscreuzot;
				TargetAttributes = {
					2301889724D95CA100EFE1BC = {
						CreatedOnToolsVersion = 11.5;
						DevelopmentTeam = 57W7KG4A63;
						ProvisioningStyle = Automatic;
					};
					230188BD24D964FE00EFE1BC = {
						CreatedOnToolsVersion = 11.5;
						DevelopmentTeam = 57W7KG4A63;
						ProvisioningStyle = Automatic;
					};
					3B18BAF31E289899009C125A = {
						CreatedOnToolsVersion = 8.2.1;
						LastSwiftMigration = 1020;
						ProvisioningStyle = Automatic;
					};
					EF34CB4922A51591002A6C92 = {
						CreatedOnToolsVersion = 10.2.1;
						ProvisioningStyle = Automatic;
					};
					FA29E9311CA9340E00E579D5 = {
						CreatedOnToolsVersion = 7.3;
						LastSwiftMigration = 1020;
					};
				};
			};
			buildConfigurationList = FA29E92D1CA9340E00E579D5 /* Build configuration list for PBXProject "SwiftyGif" */;
			compatibilityVersion = "Xcode 3.2";
			developmentRegion = en;
			hasScannedForEncodings = 0;
			knownRegions = (
				en,
				Base,
			);
			mainGroup = FA29E9291CA9340E00E579D5;
			productRefGroup = FA29E9331CA9340E00E579D5 /* Products */;
			projectDirPath = "";
			projectRoot = "";
			targets = (
				FA29E9311CA9340E00E579D5 /* SwiftyGifExample */,
				3B18BAF31E289899009C125A /* SwiftyGif */,
				EF34CB4922A51591002A6C92 /* SwiftyGifTests */,
				2301889724D95CA100EFE1BC /* SwiftyGifMac */,
				230188BD24D964FE00EFE1BC /* SwiftyGifMacExample */,
			);
		};
/* End PBXProject section */

/* Begin PBXResourcesBuildPhase section */
		230188BC24D964FE00EFE1BC /* Resources */ = {
			isa = PBXResourcesBuildPhase;
			buildActionMask = 2147483647;
			files = (
				230188D224D9684100EFE1BC /* 3.gif in Resources */,
				230188D324D9684100EFE1BC /* 2.gif in Resources */,
				230188D524D9684100EFE1BC /* 5.gif in Resources */,
				230188D424D9684100EFE1BC /* 4.gif in Resources */,
				230188C524D964FF00EFE1BC /* Assets.xcassets in Resources */,
				230188C824D964FF00EFE1BC /* Main.storyboard in Resources */,
			);
			runOnlyForDeploymentPostprocessing = 0;
		};
		3B18BAF21E289899009C125A /* Resources */ = {
			isa = PBXResourcesBuildPhase;
			buildActionMask = 2147483647;
			files = (
				7A6E2EDC2B2278AE00A3ABF1 /* PrivacyInfo.xcprivacy in Resources */,
			);
			runOnlyForDeploymentPostprocessing = 0;
		};
		EF34CB4822A51591002A6C92 /* Resources */ = {
			isa = PBXResourcesBuildPhase;
			buildActionMask = 2147483647;
			files = (
				EF34CB5522A524F6002A6C92 /* single_frame_Zt2012.gif in Resources */,
				EF34CB5622A524FA002A6C92 /* 20000x20000.gif in Resources */,
				EF34CB5722A524FE002A6C92 /* no_property_dictionary.gif in Resources */,
				EF34CB6322A54271002A6C92 /* 15MB_Einstein_rings_zoom.gif in Resources */,
			);
			runOnlyForDeploymentPostprocessing = 0;
		};
		FA29E9301CA9340E00E579D5 /* Resources */ = {
			isa = PBXResourcesBuildPhase;
			buildActionMask = 2147483647;
			files = (
				EF34CB6522A54AC0002A6C92 /* single_frame_Zt2012.gif in Resources */,
				FA57CC9B1CB3EDAA000F3476 /* Main.storyboard in Resources */,
				FA57CC991CB3EDAA000F3476 /* Assets.xcassets in Resources */,
				FAC7163C1CCA26AE0018A0CF /* 2.gif in Resources */,
				FAF19DE11CC90F9200454324 /* 3.gif in Resources */,
				EF34CB6722A54ACE002A6C92 /* 20000x20000.gif in Resources */,
				FA57CCA31CB3EDAA000F3476 /* 5.gif in Resources */,
				FAC7163D1CCA26AE0018A0CF /* 4.gif in Resources */,
				FA57CC9A1CB3EDAA000F3476 /* LaunchScreen.storyboard in Resources */,
				EF34CB6422A54ABC002A6C92 /* no_property_dictionary.gif in Resources */,
			);
			runOnlyForDeploymentPostprocessing = 0;
		};
/* End PBXResourcesBuildPhase section */

/* Begin PBXSourcesBuildPhase section */
		2301889524D95CA100EFE1BC /* Sources */ = {
			isa = PBXSourcesBuildPhase;
			buildActionMask = 2147483647;
			files = (
				230188A124D95CB800EFE1BC /* SwiftyGifManager.swift in Sources */,
				230188A524D961D800EFE1BC /* NSImage+SwiftyGif.swift in Sources */,
				AD938876276BBDBD00013AB1 /* ObjcAssociatedWeakObject.swift in Sources */,
				230188A324D9615700EFE1BC /* NSImageView+SwiftyGif.swift in Sources */,
			);
			runOnlyForDeploymentPostprocessing = 0;
		};
		230188BA24D964FE00EFE1BC /* Sources */ = {
			isa = PBXSourcesBuildPhase;
			buildActionMask = 2147483647;
			files = (
				230188C324D964FE00EFE1BC /* ViewController.swift in Sources */,
				230188C124D964FE00EFE1BC /* AppDelegate.swift in Sources */,
			);
			runOnlyForDeploymentPostprocessing = 0;
		};
		3B18BAEF1E289899009C125A /* Sources */ = {
			isa = PBXSourcesBuildPhase;
			buildActionMask = 2147483647;
			files = (
				3B18BB021E2898A5009C125A /* UIImage+SwiftyGif.swift in Sources */,
				3B18BB031E2898A9009C125A /* UIImageView+SwiftyGif.swift in Sources */,
				AD938875276BBDBD00013AB1 /* ObjcAssociatedWeakObject.swift in Sources */,
				3B18BB011E2898A1009C125A /* SwiftyGifManager.swift in Sources */,
			);
			runOnlyForDeploymentPostprocessing = 0;
		};
		EF34CB4622A51591002A6C92 /* Sources */ = {
			isa = PBXSourcesBuildPhase;
			buildActionMask = 2147483647;
			files = (
				EF34CB4D22A51591002A6C92 /* SwiftyGifTests.swift in Sources */,
			);
			runOnlyForDeploymentPostprocessing = 0;
		};
		FA29E92E1CA9340E00E579D5 /* Sources */ = {
			isa = PBXSourcesBuildPhase;
			buildActionMask = 2147483647;
			files = (
				FA57CC981CB3EDAA000F3476 /* AppDelegate.swift in Sources */,
				FA57CC9C1CB3EDAA000F3476 /* Cell.swift in Sources */,
				FA57CCA51CB3EDAA000F3476 /* ViewController.swift in Sources */,
				FA57CC9D1CB3EDAA000F3476 /* DetailController.swift in Sources */,
			);
			runOnlyForDeploymentPostprocessing = 0;
		};
/* End PBXSourcesBuildPhase section */

/* Begin PBXTargetDependency section */
		230188CF24D965DE00EFE1BC /* PBXTargetDependency */ = {
			isa = PBXTargetDependency;
			target = 2301889724D95CA100EFE1BC /* SwiftyGifMac */;
			targetProxy = 230188CE24D965DE00EFE1BC /* PBXContainerItemProxy */;
		};
		3B18BAFA1E289899009C125A /* PBXTargetDependency */ = {
			isa = PBXTargetDependency;
			target = 3B18BAF31E289899009C125A /* SwiftyGif */;
			targetProxy = 3B18BAF91E289899009C125A /* PBXContainerItemProxy */;
		};
		EF34CB5122A51591002A6C92 /* PBXTargetDependency */ = {
			isa = PBXTargetDependency;
			target = 3B18BAF31E289899009C125A /* SwiftyGif */;
			targetProxy = EF34CB5022A51591002A6C92 /* PBXContainerItemProxy */;
		};
/* End PBXTargetDependency section */

/* Begin PBXVariantGroup section */
		230188C624D964FF00EFE1BC /* Main.storyboard */ = {
			isa = PBXVariantGroup;
			children = (
				230188C724D964FF00EFE1BC /* Base */,
			);
			name = Main.storyboard;
			sourceTree = "<group>";
		};
		FA57CC8A1CB3EDAA000F3476 /* LaunchScreen.storyboard */ = {
			isa = PBXVariantGroup;
			children = (
				FA57CC8B1CB3EDAA000F3476 /* Base */,
			);
			name = LaunchScreen.storyboard;
			sourceTree = "<group>";
		};
		FA57CC8C1CB3EDAA000F3476 /* Main.storyboard */ = {
			isa = PBXVariantGroup;
			children = (
				FA57CC8D1CB3EDAA000F3476 /* Base */,
			);
			name = Main.storyboard;
			sourceTree = "<group>";
		};
/* End PBXVariantGroup section */

/* Begin XCBuildConfiguration section */
		2301889E24D95CA100EFE1BC /* Debug */ = {
			isa = XCBuildConfiguration;
			buildSettings = {
				CLANG_ANALYZER_NUMBER_OBJECT_CONVERSION = YES_AGGRESSIVE;
				CLANG_CXX_LANGUAGE_STANDARD = "gnu++14";
				CLANG_ENABLE_OBJC_WEAK = YES;
				CLANG_WARN_DOCUMENTATION_COMMENTS = YES;
				CLANG_WARN_UNGUARDED_AVAILABILITY = YES_AGGRESSIVE;
				CODE_SIGN_STYLE = Automatic;
				DEAD_CODE_STRIPPING = YES;
				DEVELOPMENT_TEAM = 57W7KG4A63;
				EXECUTABLE_PREFIX = lib;
				GCC_C_LANGUAGE_STANDARD = gnu11;
				MACOSX_DEPLOYMENT_TARGET = 10.15;
				MTL_ENABLE_DEBUG_INFO = INCLUDE_SOURCE;
				MTL_FAST_MATH = YES;
				PRODUCT_MODULE_NAME = SwiftyGif;
				PRODUCT_NAME = "$(TARGET_NAME)";
				SDKROOT = macosx;
				SKIP_INSTALL = YES;
			};
			name = Debug;
		};
		2301889F24D95CA100EFE1BC /* Release */ = {
			isa = XCBuildConfiguration;
			buildSettings = {
				CLANG_ANALYZER_NUMBER_OBJECT_CONVERSION = YES_AGGRESSIVE;
				CLANG_CXX_LANGUAGE_STANDARD = "gnu++14";
				CLANG_ENABLE_OBJC_WEAK = YES;
				CLANG_WARN_DOCUMENTATION_COMMENTS = YES;
				CLANG_WARN_UNGUARDED_AVAILABILITY = YES_AGGRESSIVE;
				CODE_SIGN_STYLE = Automatic;
				DEAD_CODE_STRIPPING = YES;
				DEVELOPMENT_TEAM = 57W7KG4A63;
				EXECUTABLE_PREFIX = lib;
				GCC_C_LANGUAGE_STANDARD = gnu11;
				MACOSX_DEPLOYMENT_TARGET = 10.15;
				MTL_FAST_MATH = YES;
				PRODUCT_MODULE_NAME = SwiftyGif;
				PRODUCT_NAME = "$(TARGET_NAME)";
				SDKROOT = macosx;
				SKIP_INSTALL = YES;
			};
			name = Release;
		};
		230188CC24D964FF00EFE1BC /* Debug */ = {
			isa = XCBuildConfiguration;
			buildSettings = {
				ASSETCATALOG_COMPILER_APPICON_NAME = AppIcon;
				CLANG_ANALYZER_NUMBER_OBJECT_CONVERSION = YES_AGGRESSIVE;
				CLANG_CXX_LANGUAGE_STANDARD = "gnu++14";
				CLANG_ENABLE_OBJC_WEAK = YES;
				CLANG_WARN_DOCUMENTATION_COMMENTS = YES;
				CLANG_WARN_UNGUARDED_AVAILABILITY = YES_AGGRESSIVE;
				CODE_SIGN_ENTITLEMENTS = SwiftyGifMacExample/SwiftyGifMacExample.entitlements;
				CODE_SIGN_IDENTITY = "-";
				CODE_SIGN_STYLE = Automatic;
				COMBINE_HIDPI_IMAGES = YES;
				DEAD_CODE_STRIPPING = YES;
				DEVELOPMENT_TEAM = 57W7KG4A63;
				ENABLE_HARDENED_RUNTIME = YES;
				GCC_C_LANGUAGE_STANDARD = gnu11;
				INFOPLIST_FILE = SwiftyGifMacExample/Info.plist;
				LD_RUNPATH_SEARCH_PATHS = "$(inherited) @executable_path/../Frameworks";
				MACOSX_DEPLOYMENT_TARGET = 10.15;
				MTL_ENABLE_DEBUG_INFO = INCLUDE_SOURCE;
				MTL_FAST_MATH = YES;
				PRODUCT_BUNDLE_IDENTIFIER = me.carlorapisarda.SwiftyGifMacExample;
				PRODUCT_NAME = "$(TARGET_NAME)";
				SDKROOT = macosx;
				SWIFT_ACTIVE_COMPILATION_CONDITIONS = DEBUG;
				SWIFT_VERSION = 5.0;
			};
			name = Debug;
		};
		230188CD24D964FF00EFE1BC /* Release */ = {
			isa = XCBuildConfiguration;
			buildSettings = {
				ASSETCATALOG_COMPILER_APPICON_NAME = AppIcon;
				CLANG_ANALYZER_NUMBER_OBJECT_CONVERSION = YES_AGGRESSIVE;
				CLANG_CXX_LANGUAGE_STANDARD = "gnu++14";
				CLANG_ENABLE_OBJC_WEAK = YES;
				CLANG_WARN_DOCUMENTATION_COMMENTS = YES;
				CLANG_WARN_UNGUARDED_AVAILABILITY = YES_AGGRESSIVE;
				CODE_SIGN_ENTITLEMENTS = SwiftyGifMacExample/SwiftyGifMacExample.entitlements;
				CODE_SIGN_IDENTITY = "-";
				CODE_SIGN_STYLE = Automatic;
				COMBINE_HIDPI_IMAGES = YES;
				DEAD_CODE_STRIPPING = YES;
				DEVELOPMENT_TEAM = 57W7KG4A63;
				ENABLE_HARDENED_RUNTIME = YES;
				GCC_C_LANGUAGE_STANDARD = gnu11;
				INFOPLIST_FILE = SwiftyGifMacExample/Info.plist;
				LD_RUNPATH_SEARCH_PATHS = "$(inherited) @executable_path/../Frameworks";
				MACOSX_DEPLOYMENT_TARGET = 10.15;
				MTL_FAST_MATH = YES;
				PRODUCT_BUNDLE_IDENTIFIER = me.carlorapisarda.SwiftyGifMacExample;
				PRODUCT_NAME = "$(TARGET_NAME)";
				SDKROOT = macosx;
				SWIFT_VERSION = 5.0;
			};
			name = Release;
		};
		3B18BAFE1E289899009C125A /* Debug */ = {
			isa = XCBuildConfiguration;
			buildSettings = {
				BUILD_LIBRARY_FOR_DISTRIBUTION = YES;
				CLANG_WARN_DOCUMENTATION_COMMENTS = YES;
				CODE_SIGN_IDENTITY = "";
				CURRENT_PROJECT_VERSION = 1;
				DEFINES_MODULE = YES;
				DYLIB_COMPATIBILITY_VERSION = 1;
				DYLIB_CURRENT_VERSION = 1;
				DYLIB_INSTALL_NAME_BASE = "@rpath";
				INFOPLIST_FILE = SwiftyGif/Info.plist;
				INSTALL_PATH = "$(LOCAL_LIBRARY_DIR)/Frameworks";
				IPHONEOS_DEPLOYMENT_TARGET = 12.0;
				LD_RUNPATH_SEARCH_PATHS = "$(inherited) @executable_path/Frameworks @loader_path/Frameworks";
				PRODUCT_BUNDLE_IDENTIFIER = com.alexiscreuzot.SwiftyGif.SwiftyGif;
				PRODUCT_NAME = "$(TARGET_NAME)";
				SKIP_INSTALL = YES;
				SWIFT_ACTIVE_COMPILATION_CONDITIONS = DEBUG;
				SWIFT_VERSION = 5.0;
				VERSIONING_SYSTEM = "apple-generic";
				VERSION_INFO_PREFIX = "";
			};
			name = Debug;
		};
		3B18BAFF1E289899009C125A /* Release */ = {
			isa = XCBuildConfiguration;
			buildSettings = {
				BUILD_LIBRARY_FOR_DISTRIBUTION = YES;
				CLANG_WARN_DOCUMENTATION_COMMENTS = YES;
				CODE_SIGN_IDENTITY = "";
				CURRENT_PROJECT_VERSION = 1;
				DEFINES_MODULE = YES;
				DYLIB_COMPATIBILITY_VERSION = 1;
				DYLIB_CURRENT_VERSION = 1;
				DYLIB_INSTALL_NAME_BASE = "@rpath";
				INFOPLIST_FILE = SwiftyGif/Info.plist;
				INSTALL_PATH = "$(LOCAL_LIBRARY_DIR)/Frameworks";
				IPHONEOS_DEPLOYMENT_TARGET = 12.0;
				LD_RUNPATH_SEARCH_PATHS = "$(inherited) @executable_path/Frameworks @loader_path/Frameworks";
				PRODUCT_BUNDLE_IDENTIFIER = com.alexiscreuzot.SwiftyGif.SwiftyGif;
				PRODUCT_NAME = "$(TARGET_NAME)";
				SKIP_INSTALL = YES;
				SWIFT_VERSION = 5.0;
				VERSIONING_SYSTEM = "apple-generic";
				VERSION_INFO_PREFIX = "";
			};
			name = Release;
		};
		EF34CB5322A51591002A6C92 /* Debug */ = {
			isa = XCBuildConfiguration;
			buildSettings = {
				CLANG_ANALYZER_NUMBER_OBJECT_CONVERSION = YES_AGGRESSIVE;
				CLANG_CXX_LANGUAGE_STANDARD = "gnu++14";
				CLANG_ENABLE_OBJC_WEAK = YES;
				CLANG_WARN_DOCUMENTATION_COMMENTS = YES;
				CLANG_WARN_UNGUARDED_AVAILABILITY = YES_AGGRESSIVE;
				CODE_SIGN_IDENTITY = "iPhone Developer";
				CODE_SIGN_STYLE = Automatic;
				FRAMEWORK_SEARCH_PATHS = (
					"$(inherited)",
					"$(PROJECT_DIR)/Carthage/Build/iOS",
				);
				GCC_C_LANGUAGE_STANDARD = gnu11;
				INFOPLIST_FILE = SwiftyGifTests/Info.plist;
				IPHONEOS_DEPLOYMENT_TARGET = 12.0;
				LD_RUNPATH_SEARCH_PATHS = "$(inherited) @executable_path/Frameworks @loader_path/Frameworks";
				MTL_ENABLE_DEBUG_INFO = INCLUDE_SOURCE;
				MTL_FAST_MATH = YES;
				PRODUCT_BUNDLE_IDENTIFIER = BillChan.SwiftyGifTests;
				PRODUCT_NAME = "$(TARGET_NAME)";
				SWIFT_ACTIVE_COMPILATION_CONDITIONS = DEBUG;
				SWIFT_VERSION = 5.0;
				TARGETED_DEVICE_FAMILY = "1,2";
			};
			name = Debug;
		};
		EF34CB5422A51591002A6C92 /* Release */ = {
			isa = XCBuildConfiguration;
			buildSettings = {
				CLANG_ANALYZER_NUMBER_OBJECT_CONVERSION = YES_AGGRESSIVE;
				CLANG_CXX_LANGUAGE_STANDARD = "gnu++14";
				CLANG_ENABLE_OBJC_WEAK = YES;
				CLANG_WARN_DOCUMENTATION_COMMENTS = YES;
				CLANG_WARN_UNGUARDED_AVAILABILITY = YES_AGGRESSIVE;
				CODE_SIGN_IDENTITY = "iPhone Developer";
				CODE_SIGN_STYLE = Automatic;
				FRAMEWORK_SEARCH_PATHS = (
					"$(inherited)",
					"$(PROJECT_DIR)/Carthage/Build/iOS",
				);
				GCC_C_LANGUAGE_STANDARD = gnu11;
				INFOPLIST_FILE = SwiftyGifTests/Info.plist;
				IPHONEOS_DEPLOYMENT_TARGET = 12.0;
				LD_RUNPATH_SEARCH_PATHS = "$(inherited) @executable_path/Frameworks @loader_path/Frameworks";
				MTL_FAST_MATH = YES;
				PRODUCT_BUNDLE_IDENTIFIER = BillChan.SwiftyGifTests;
				PRODUCT_NAME = "$(TARGET_NAME)";
				SWIFT_VERSION = 5.0;
				TARGETED_DEVICE_FAMILY = "1,2";
			};
			name = Release;
		};
		FA29E94D1CA9340F00E579D5 /* Debug */ = {
			isa = XCBuildConfiguration;
			buildSettings = {
				ALWAYS_SEARCH_USER_PATHS = NO;
				CLANG_ANALYZER_NONNULL = YES;
				CLANG_CXX_LANGUAGE_STANDARD = "gnu++0x";
				CLANG_CXX_LIBRARY = "libc++";
				CLANG_ENABLE_MODULES = YES;
				CLANG_ENABLE_OBJC_ARC = YES;
				CLANG_WARN_BLOCK_CAPTURE_AUTORELEASING = YES;
				CLANG_WARN_BOOL_CONVERSION = YES;
				CLANG_WARN_COMMA = YES;
				CLANG_WARN_CONSTANT_CONVERSION = YES;
				CLANG_WARN_DEPRECATED_OBJC_IMPLEMENTATIONS = YES;
				CLANG_WARN_DIRECT_OBJC_ISA_USAGE = YES_ERROR;
				CLANG_WARN_EMPTY_BODY = YES;
				CLANG_WARN_ENUM_CONVERSION = YES;
				CLANG_WARN_INFINITE_RECURSION = YES;
				CLANG_WARN_INT_CONVERSION = YES;
				CLANG_WARN_NON_LITERAL_NULL_CONVERSION = YES;
				CLANG_WARN_OBJC_IMPLICIT_RETAIN_SELF = YES;
				CLANG_WARN_OBJC_LITERAL_CONVERSION = YES;
				CLANG_WARN_OBJC_ROOT_CLASS = YES_ERROR;
				CLANG_WARN_QUOTED_INCLUDE_IN_FRAMEWORK_HEADER = YES;
				CLANG_WARN_RANGE_LOOP_ANALYSIS = YES;
				CLANG_WARN_STRICT_PROTOTYPES = YES;
				CLANG_WARN_SUSPICIOUS_MOVE = YES;
				CLANG_WARN_UNREACHABLE_CODE = YES;
				CLANG_WARN__DUPLICATE_METHOD_MATCH = YES;
				"CODE_SIGN_IDENTITY[sdk=iphoneos*]" = "iPhone Developer";
				COPY_PHASE_STRIP = NO;
				DEBUG_INFORMATION_FORMAT = dwarf;
				ENABLE_STRICT_OBJC_MSGSEND = YES;
				ENABLE_TESTABILITY = YES;
				GCC_C_LANGUAGE_STANDARD = gnu99;
				GCC_DYNAMIC_NO_PIC = NO;
				GCC_NO_COMMON_BLOCKS = YES;
				GCC_OPTIMIZATION_LEVEL = 0;
				GCC_PREPROCESSOR_DEFINITIONS = (
					"DEBUG=1",
					"$(inherited)",
				);
				GCC_WARN_64_TO_32_BIT_CONVERSION = YES;
				GCC_WARN_ABOUT_RETURN_TYPE = YES_ERROR;
				GCC_WARN_UNDECLARED_SELECTOR = YES;
				GCC_WARN_UNINITIALIZED_AUTOS = YES_AGGRESSIVE;
				GCC_WARN_UNUSED_FUNCTION = YES;
				GCC_WARN_UNUSED_VARIABLE = YES;
				IPHONEOS_DEPLOYMENT_TARGET = 12.0;
				MTL_ENABLE_DEBUG_INFO = YES;
				ONLY_ACTIVE_ARCH = YES;
				SDKROOT = iphoneos;
				SWIFT_OPTIMIZATION_LEVEL = "-Onone";
				SWIFT_VERSION = 5.0;
				TARGETED_DEVICE_FAMILY = "1,2";
			};
			name = Debug;
		};
		FA29E94E1CA9340F00E579D5 /* Release */ = {
			isa = XCBuildConfiguration;
			buildSettings = {
				ALWAYS_SEARCH_USER_PATHS = NO;
				CLANG_ANALYZER_NONNULL = YES;
				CLANG_CXX_LANGUAGE_STANDARD = "gnu++0x";
				CLANG_CXX_LIBRARY = "libc++";
				CLANG_ENABLE_MODULES = YES;
				CLANG_ENABLE_OBJC_ARC = YES;
				CLANG_WARN_BLOCK_CAPTURE_AUTORELEASING = YES;
				CLANG_WARN_BOOL_CONVERSION = YES;
				CLANG_WARN_COMMA = YES;
				CLANG_WARN_CONSTANT_CONVERSION = YES;
				CLANG_WARN_DEPRECATED_OBJC_IMPLEMENTATIONS = YES;
				CLANG_WARN_DIRECT_OBJC_ISA_USAGE = YES_ERROR;
				CLANG_WARN_EMPTY_BODY = YES;
				CLANG_WARN_ENUM_CONVERSION = YES;
				CLANG_WARN_INFINITE_RECURSION = YES;
				CLANG_WARN_INT_CONVERSION = YES;
				CLANG_WARN_NON_LITERAL_NULL_CONVERSION = YES;
				CLANG_WARN_OBJC_IMPLICIT_RETAIN_SELF = YES;
				CLANG_WARN_OBJC_LITERAL_CONVERSION = YES;
				CLANG_WARN_OBJC_ROOT_CLASS = YES_ERROR;
				CLANG_WARN_QUOTED_INCLUDE_IN_FRAMEWORK_HEADER = YES;
				CLANG_WARN_RANGE_LOOP_ANALYSIS = YES;
				CLANG_WARN_STRICT_PROTOTYPES = YES;
				CLANG_WARN_SUSPICIOUS_MOVE = YES;
				CLANG_WARN_UNREACHABLE_CODE = YES;
				CLANG_WARN__DUPLICATE_METHOD_MATCH = YES;
				"CODE_SIGN_IDENTITY[sdk=iphoneos*]" = "iPhone Developer";
				COPY_PHASE_STRIP = NO;
				DEBUG_INFORMATION_FORMAT = "dwarf-with-dsym";
				ENABLE_NS_ASSERTIONS = NO;
				ENABLE_STRICT_OBJC_MSGSEND = YES;
				GCC_C_LANGUAGE_STANDARD = gnu99;
				GCC_NO_COMMON_BLOCKS = YES;
				GCC_WARN_64_TO_32_BIT_CONVERSION = YES;
				GCC_WARN_ABOUT_RETURN_TYPE = YES_ERROR;
				GCC_WARN_UNDECLARED_SELECTOR = YES;
				GCC_WARN_UNINITIALIZED_AUTOS = YES_AGGRESSIVE;
				GCC_WARN_UNUSED_FUNCTION = YES;
				GCC_WARN_UNUSED_VARIABLE = YES;
				IPHONEOS_DEPLOYMENT_TARGET = 12.0;
				MTL_ENABLE_DEBUG_INFO = NO;
				SDKROOT = iphoneos;
				SWIFT_OPTIMIZATION_LEVEL = "-Owholemodule";
				SWIFT_VERSION = 5.0;
				TARGETED_DEVICE_FAMILY = "1,2";
				VALIDATE_PRODUCT = YES;
			};
			name = Release;
		};
		FA29E9501CA9340F00E579D5 /* Debug */ = {
			isa = XCBuildConfiguration;
			buildSettings = {
				ALWAYS_EMBED_SWIFT_STANDARD_LIBRARIES = YES;
				ASSETCATALOG_COMPILER_APPICON_NAME = AppIcon;
				DEVELOPMENT_TEAM = "";
				INFOPLIST_FILE = "$(SRCROOT)/SwiftyGifExample/Info.plist";
				IPHONEOS_DEPLOYMENT_TARGET = 12.0;
				LD_RUNPATH_SEARCH_PATHS = "$(inherited) @executable_path/Frameworks";
				PRODUCT_BUNDLE_IDENTIFIER = com.alexiscreuzot.SwiftyGif;
				PRODUCT_NAME = "$(TARGET_NAME)";
				SWIFT_VERSION = 5.0;
			};
			name = Debug;
		};
		FA29E9511CA9340F00E579D5 /* Release */ = {
			isa = XCBuildConfiguration;
			buildSettings = {
				ALWAYS_EMBED_SWIFT_STANDARD_LIBRARIES = YES;
				ASSETCATALOG_COMPILER_APPICON_NAME = AppIcon;
				DEVELOPMENT_TEAM = "";
				INFOPLIST_FILE = "$(SRCROOT)/SwiftyGifExample/Info.plist";
				IPHONEOS_DEPLOYMENT_TARGET = 12.0;
				LD_RUNPATH_SEARCH_PATHS = "$(inherited) @executable_path/Frameworks";
				PRODUCT_BUNDLE_IDENTIFIER = com.alexiscreuzot.SwiftyGif;
				PRODUCT_NAME = "$(TARGET_NAME)";
				SWIFT_VERSION = 5.0;
			};
			name = Release;
		};
/* End XCBuildConfiguration section */

/* Begin XCConfigurationList section */
		230188A024D95CA100EFE1BC /* Build configuration list for PBXNativeTarget "SwiftyGifMac" */ = {
			isa = XCConfigurationList;
			buildConfigurations = (
				2301889E24D95CA100EFE1BC /* Debug */,
				2301889F24D95CA100EFE1BC /* Release */,
			);
			defaultConfigurationIsVisible = 0;
			defaultConfigurationName = Release;
		};
		230188CB24D964FF00EFE1BC /* Build configuration list for PBXNativeTarget "SwiftyGifMacExample" */ = {
			isa = XCConfigurationList;
			buildConfigurations = (
				230188CC24D964FF00EFE1BC /* Debug */,
				230188CD24D964FF00EFE1BC /* Release */,
			);
			defaultConfigurationIsVisible = 0;
			defaultConfigurationName = Release;
		};
		3B18BAFD1E289899009C125A /* Build configuration list for PBXNativeTarget "SwiftyGif" */ = {
			isa = XCConfigurationList;
			buildConfigurations = (
				3B18BAFE1E289899009C125A /* Debug */,
				3B18BAFF1E289899009C125A /* Release */,
			);
			defaultConfigurationIsVisible = 0;
			defaultConfigurationName = Release;
		};
		EF34CB5222A51591002A6C92 /* Build configuration list for PBXNativeTarget "SwiftyGifTests" */ = {
			isa = XCConfigurationList;
			buildConfigurations = (
				EF34CB5322A51591002A6C92 /* Debug */,
				EF34CB5422A51591002A6C92 /* Release */,
			);
			defaultConfigurationIsVisible = 0;
			defaultConfigurationName = Release;
		};
		FA29E92D1CA9340E00E579D5 /* Build configuration list for PBXProject "SwiftyGif" */ = {
			isa = XCConfigurationList;
			buildConfigurations = (
				FA29E94D1CA9340F00E579D5 /* Debug */,
				FA29E94E1CA9340F00E579D5 /* Release */,
			);
			defaultConfigurationIsVisible = 0;
			defaultConfigurationName = Release;
		};
		FA29E94F1CA9340F00E579D5 /* Build configuration list for PBXNativeTarget "SwiftyGifExample" */ = {
			isa = XCConfigurationList;
			buildConfigurations = (
				FA29E9501CA9340F00E579D5 /* Debug */,
				FA29E9511CA9340F00E579D5 /* Release */,
			);
			defaultConfigurationIsVisible = 0;
			defaultConfigurationName = Release;
		};
/* End XCConfigurationList section */
	};
	rootObject = FA29E92A1CA9340E00E579D5 /* Project object */;
}
